
Microsoft Visual Studio Solution File, Format Version 12.00
# Visual Studio Version 17
VisualStudioVersion = 17.5.002.0
MinimumVisualStudioVersion = 10.0.40219.1
Project("{2150E333-8FDC-42A3-9474-1A3956D46DE8}") = "Labfiles", "Labfiles", "{E9283623-3FE5-4271-BB06-AB775E562328}"
EndProject
Project("{2150E333-8FDC-42A3-9474-1A3956D46DE8}") = "03-object-detection", "03-object-detection", "{39840D13-E697-49C0-BE05-2F0CDE1FC5B6}"
EndProject
Project("{2150E333-8FDC-42A3-9474-1A3956D46DE8}") = "C-Sharp", "C-Sharp", "{290DD673-5B0D-4759-95BB-E7BA5691B984}"
EndProject
Project("{9A19103F-16F7-4668-BE54-9A1E7A4F7556}") = "train-detector", "Labfiles\03-object-detection\C-Sharp\train-detector\train-detector.csproj", "{E24DAA70-4600-476F-A253-68C1628E68CD}"
EndProject
Project("{9A19103F-16F7-4668-BE54-9A1E7A4F7556}") = "test-detector", "Labfiles\03-object-detection\C-Sharp\test-detector\test-detector.csproj", "{79520028-C6F2-4E8D-9CC1-C215F380BB6A}"
EndProject
Project("{2150E333-8FDC-42A3-9474-1A3956D46DE8}") = "05-ocr", "05-ocr", "{D9D9E91C-7E7F-4420-81A8-1D8DFAF213CD}"
EndProject
Project("{2150E333-8FDC-42A3-9474-1A3956D46DE8}") = "C-Sharp", "C-Sharp", "{4783C201-F37A-48FC-8C5E-3C51BF7D0E0B}"
EndProject
Project("{9A19103F-16F7-4668-BE54-9A1E7A4F7556}") = "read-text", "Labfiles\05-ocr\C-Sharp\read-text\read-text.csproj", "{0C493432-6C09-4124-A17B-0F8A4AD5CC1C}"
EndProject
Project("{2150E333-8FDC-42A3-9474-1A3956D46DE8}") = "01-analyze-images", "01-analyze-images", "{EDD2196E-3A89-481A-93D0-FCEC3579A4E7}"
EndProject
Project("{2150E333-8FDC-42A3-9474-1A3956D46DE8}") = "C-Sharp", "C-Sharp", "{EF3B1362-D957-4FF2-A7A1-3B80A13818E6}"
EndProject
Project("{9A19103F-16F7-4668-BE54-9A1E7A4F7556}") = "image-analysis", "Labfiles\01-analyze-images\C-Sharp\image-analysis\image-analysis.csproj", "{FEFA2067-5745-4EA5-9427-9A985A50564E}"
EndProject
Project("{2150E333-8FDC-42A3-9474-1A3956D46DE8}") = "04-face", "04-face", "{1BCF5368-72C2-495C-BFD1-AC99B5D5B500}"
EndProject
Project("{2150E333-8FDC-42A3-9474-1A3956D46DE8}") = "C-Sharp", "C-Sharp", "{B145230A-25CD-40C4-B760-7E4331412BD1}"
EndProject
Project("{9A19103F-16F7-4668-BE54-9A1E7A4F7556}") = "analyze-faces", "Labfiles\04-face\C-Sharp\face-api\analyze-faces.csproj", "{D7EDDB9E-2793-4BB7-AAEF-06FAB0955F66}"
EndProject
Project("{9A19103F-16F7-4668-BE54-9A1E7A4F7556}") = "detect-people", "Labfiles\04-face\C-Sharp\computer-vision\detect-people.csproj", "{2AF2F4B1-E410-4D6C-9EB2-6902CB035824}"
EndProject
Project("{2150E333-8FDC-42A3-9474-1A3956D46DE8}") = "07-custom-vision-image-classification", "07-custom-vision-image-classification", "{7D84D18F-2F1D-4622-927D-257608417B60}"
EndProject
Project("{2150E333-8FDC-42A3-9474-1A3956D46DE8}") = "C-Sharp", "C-Sharp", "{AD34F52C-F4AE-479C-AA91-EFF0983222F2}"
EndProject
Project("{9A19103F-16F7-4668-BE54-9A1E7A4F7556}") = "train-classifier", "Labfiles\07-custom-vision-image-classification\C-Sharp\train-classifier\train-classifier.csproj", "{1A4CDC76-4FED-4577-89A6-4D1FE66FACBF}"
EndProject
Project("{9A19103F-16F7-4668-BE54-9A1E7A4F7556}") = "test-classifier", "Labfiles\07-custom-vision-image-classification\C-Sharp\test-classifier\test-classifier.csproj", "{D4DCC96A-A464-43A8-8C63-31FF1CC7708A}"
EndProject
Global
	GlobalSection(SolutionConfigurationPlatforms) = preSolution
		Debug|Any CPU = Debug|Any CPU
		Release|Any CPU = Release|Any CPU
	EndGlobalSection
	GlobalSection(ProjectConfigurationPlatforms) = postSolution
		{E24DAA70-4600-476F-A253-68C1628E68CD}.Debug|Any CPU.ActiveCfg = Debug|Any CPU
		{E24DAA70-4600-476F-A253-68C1628E68CD}.Debug|Any CPU.Build.0 = Debug|Any CPU
		{E24DAA70-4600-476F-A253-68C1628E68CD}.Release|Any CPU.ActiveCfg = Release|Any CPU
		{E24DAA70-4600-476F-A253-68C1628E68CD}.Release|Any CPU.Build.0 = Release|Any CPU
		{79520028-C6F2-4E8D-9CC1-C215F380BB6A}.Debug|Any CPU.ActiveCfg = Debug|Any CPU
		{79520028-C6F2-4E8D-9CC1-C215F380BB6A}.Debug|Any CPU.Build.0 = Debug|Any CPU
		{79520028-C6F2-4E8D-9CC1-C215F380BB6A}.Release|Any CPU.ActiveCfg = Release|Any CPU
		{79520028-C6F2-4E8D-9CC1-C215F380BB6A}.Release|Any CPU.Build.0 = Release|Any CPU
		{0C493432-6C09-4124-A17B-0F8A4AD5CC1C}.Debug|Any CPU.ActiveCfg = Debug|Any CPU
		{0C493432-6C09-4124-A17B-0F8A4AD5CC1C}.Debug|Any CPU.Build.0 = Debug|Any CPU
		{0C493432-6C09-4124-A17B-0F8A4AD5CC1C}.Release|Any CPU.ActiveCfg = Release|Any CPU
		{0C493432-6C09-4124-A17B-0F8A4AD5CC1C}.Release|Any CPU.Build.0 = Release|Any CPU
		{FEFA2067-5745-4EA5-9427-9A985A50564E}.Debug|Any CPU.ActiveCfg = Debug|Any CPU
		{FEFA2067-5745-4EA5-9427-9A985A50564E}.Debug|Any CPU.Build.0 = Debug|Any CPU
		{FEFA2067-5745-4EA5-9427-9A985A50564E}.Release|Any CPU.ActiveCfg = Release|Any CPU
		{FEFA2067-5745-4EA5-9427-9A985A50564E}.Release|Any CPU.Build.0 = Release|Any CPU
		{D7EDDB9E-2793-4BB7-AAEF-06FAB0955F66}.Debug|Any CPU.ActiveCfg = Debug|Any CPU
		{D7EDDB9E-2793-4BB7-AAEF-06FAB0955F66}.Debug|Any CPU.Build.0 = Debug|Any CPU
		{D7EDDB9E-2793-4BB7-AAEF-06FAB0955F66}.Release|Any CPU.ActiveCfg = Release|Any CPU
		{D7EDDB9E-2793-4BB7-AAEF-06FAB0955F66}.Release|Any CPU.Build.0 = Release|Any CPU
		{2AF2F4B1-E410-4D6C-9EB2-6902CB035824}.Debug|Any CPU.ActiveCfg = Debug|Any CPU
		{2AF2F4B1-E410-4D6C-9EB2-6902CB035824}.Debug|Any CPU.Build.0 = Debug|Any CPU
		{2AF2F4B1-E410-4D6C-9EB2-6902CB035824}.Release|Any CPU.ActiveCfg = Release|Any CPU
		{2AF2F4B1-E410-4D6C-9EB2-6902CB035824}.Release|Any CPU.Build.0 = Release|Any CPU
		{1A4CDC76-4FED-4577-89A6-4D1FE66FACBF}.Debug|Any CPU.ActiveCfg = Debug|Any CPU
		{1A4CDC76-4FED-4577-89A6-4D1FE66FACBF}.Debug|Any CPU.Build.0 = Debug|Any CPU
		{1A4CDC76-4FED-4577-89A6-4D1FE66FACBF}.Release|Any CPU.ActiveCfg = Release|Any CPU
		{1A4CDC76-4FED-4577-89A6-4D1FE66FACBF}.Release|Any CPU.Build.0 = Release|Any CPU
		{D4DCC96A-A464-43A8-8C63-31FF1CC7708A}.Debug|Any CPU.ActiveCfg = Debug|Any CPU
		{D4DCC96A-A464-43A8-8C63-31FF1CC7708A}.Debug|Any CPU.Build.0 = Debug|Any CPU
		{D4DCC96A-A464-43A8-8C63-31FF1CC7708A}.Release|Any CPU.ActiveCfg = Release|Any CPU
		{D4DCC96A-A464-43A8-8C63-31FF1CC7708A}.Release|Any CPU.Build.0 = Release|Any CPU
	EndGlobalSection
	GlobalSection(SolutionProperties) = preSolution
		HideSolutionNode = FALSE
	EndGlobalSection
	GlobalSection(NestedProjects) = preSolution
		{39840D13-E697-49C0-BE05-2F0CDE1FC5B6} = {E9283623-3FE5-4271-BB06-AB775E562328}
		{290DD673-5B0D-4759-95BB-E7BA5691B984} = {39840D13-E697-49C0-BE05-2F0CDE1FC5B6}
		{E24DAA70-4600-476F-A253-68C1628E68CD} = {290DD673-5B0D-4759-95BB-E7BA5691B984}
		{79520028-C6F2-4E8D-9CC1-C215F380BB6A} = {290DD673-5B0D-4759-95BB-E7BA5691B984}
		{D9D9E91C-7E7F-4420-81A8-1D8DFAF213CD} = {E9283623-3FE5-4271-BB06-AB775E562328}
		{4783C201-F37A-48FC-8C5E-3C51BF7D0E0B} = {D9D9E91C-7E7F-4420-81A8-1D8DFAF213CD}
		{0C493432-6C09-4124-A17B-0F8A4AD5CC1C} = {4783C201-F37A-48FC-8C5E-3C51BF7D0E0B}
		{EDD2196E-3A89-481A-93D0-FCEC3579A4E7} = {E9283623-3FE5-4271-BB06-AB775E562328}
		{EF3B1362-D957-4FF2-A7A1-3B80A13818E6} = {EDD2196E-3A89-481A-93D0-FCEC3579A4E7}
		{FEFA2067-5745-4EA5-9427-9A985A50564E} = {EF3B1362-D957-4FF2-A7A1-3B80A13818E6}
		{1BCF5368-72C2-495C-BFD1-AC99B5D5B500} = {E9283623-3FE5-4271-BB06-AB775E562328}
		{B145230A-25CD-40C4-B760-7E4331412BD1} = {1BCF5368-72C2-495C-BFD1-AC99B5D5B500}
		{D7EDDB9E-2793-4BB7-AAEF-06FAB0955F66} = {B145230A-25CD-40C4-B760-7E4331412BD1}
		{2AF2F4B1-E410-4D6C-9EB2-6902CB035824} = {B145230A-25CD-40C4-B760-7E4331412BD1}
		{7D84D18F-2F1D-4622-927D-257608417B60} = {E9283623-3FE5-4271-BB06-AB775E562328}
		{AD34F52C-F4AE-479C-AA91-EFF0983222F2} = {7D84D18F-2F1D-4622-927D-257608417B60}
		{1A4CDC76-4FED-4577-89A6-4D1FE66FACBF} = {AD34F52C-F4AE-479C-AA91-EFF0983222F2}
		{D4DCC96A-A464-43A8-8C63-31FF1CC7708A} = {AD34F52C-F4AE-479C-AA91-EFF0983222F2}
	EndGlobalSection
	GlobalSection(ExtensibilityGlobals) = postSolution
		SolutionGuid = {5E03A8BB-A193-4CEA-8E91-8C58FF5E62CA}
	EndGlobalSection
EndGlobal
